// !$*UTF8*$!
{
	archiveVersion = 1;
	classes = {
	};
	objectVersion = 56;
	objects = {

/* Begin PBXBuildFile section */
		E322BC0F2AABB06700729C50 /* ThreadsCloneApp.swift in Sources */ = {isa = PBXBuildFile; fileRef = E322BC0E2AABB06700729C50 /* ThreadsCloneApp.swift */; };
		E322BC112AABB06700729C50 /* ContentView.swift in Sources */ = {isa = PBXBuildFile; fileRef = E322BC102AABB06700729C50 /* ContentView.swift */; };
		E322BC132AABB06900729C50 /* Assets.xcassets in Resources */ = {isa = PBXBuildFile; fileRef = E322BC122AABB06900729C50 /* Assets.xcassets */; };
		E322BC162AABB06900729C50 /* Preview Assets.xcassets in Resources */ = {isa = PBXBuildFile; fileRef = E322BC152AABB06900729C50 /* Preview Assets.xcassets */; };
		E322BC282AABB37100729C50 /* LoginView.swift in Sources */ = {isa = PBXBuildFile; fileRef = E322BC272AABB37100729C50 /* LoginView.swift */; };
		E322BC2A2AABBB0800729C50 /* RegisterationView.swift in Sources */ = {isa = PBXBuildFile; fileRef = E322BC292AABBB0800729C50 /* RegisterationView.swift */; };
		E322BC2D2AABBD7600729C50 /* ThreadsTextFieldsModifires .swift in Sources */ = {isa = PBXBuildFile; fileRef = E322BC2C2AABBD7600729C50 /* ThreadsTextFieldsModifires .swift */; };
		E322BC2F2AABBF1C00729C50 /* ButtonsModifires.swift in Sources */ = {isa = PBXBuildFile; fileRef = E322BC2E2AABBF1C00729C50 /* ButtonsModifires.swift */; };
		E322BC322AABC11900729C50 /* ThreadsTabView.swift in Sources */ = {isa = PBXBuildFile; fileRef = E322BC312AABC11900729C50 /* ThreadsTabView.swift */; };
		E322BC362AABC57700729C50 /* FeedView.swift in Sources */ = {isa = PBXBuildFile; fileRef = E322BC352AABC57700729C50 /* FeedView.swift */; };
		E322BC3D2AABC67F00729C50 /* ExploreView.swift in Sources */ = {isa = PBXBuildFile; fileRef = E322BC3C2AABC67F00729C50 /* ExploreView.swift */; };
		E322BC402AABC76E00729C50 /* CreateThreadView.swift in Sources */ = {isa = PBXBuildFile; fileRef = E322BC3F2AABC76E00729C50 /* CreateThreadView.swift */; };
		E322BC432AABC7A900729C50 /* ActivityView.swift in Sources */ = {isa = PBXBuildFile; fileRef = E322BC422AABC7A900729C50 /* ActivityView.swift */; };
		E322BC462AABC7E600729C50 /* ProfileView.swift in Sources */ = {isa = PBXBuildFile; fileRef = E322BC452AABC7E600729C50 /* ProfileView.swift */; };
		E390BB202AACDE74000F38D3 /* PostCell.swift in Sources */ = {isa = PBXBuildFile; fileRef = E390BB1F2AACDE74000F38D3 /* PostCell.swift */; };
		E390BB232AACEA7A000F38D3 /* CircularProfileImageView.swift in Sources */ = {isa = PBXBuildFile; fileRef = E390BB222AACEA7A000F38D3 /* CircularProfileImageView.swift */; };
		E390BB252AACEB6A000F38D3 /* UserCell.swift in Sources */ = {isa = PBXBuildFile; fileRef = E390BB242AACEB6A000F38D3 /* UserCell.swift */; };
/* End PBXBuildFile section */

/* Begin PBXFileReference section */
		E322BC0B2AABB06700729C50 /* ThreadsClone.app */ = {isa = PBXFileReference; explicitFileType = wrapper.application; includeInIndex = 0; path = ThreadsClone.app; sourceTree = BUILT_PRODUCTS_DIR; };
		E322BC0E2AABB06700729C50 /* ThreadsCloneApp.swift */ = {isa = PBXFileReference; lastKnownFileType = sourcecode.swift; path = ThreadsCloneApp.swift; sourceTree = "<group>"; };
		E322BC102AABB06700729C50 /* ContentView.swift */ = {isa = PBXFileReference; lastKnownFileType = sourcecode.swift; path = ContentView.swift; sourceTree = "<group>"; };
		E322BC122AABB06900729C50 /* Assets.xcassets */ = {isa = PBXFileReference; lastKnownFileType = folder.assetcatalog; path = Assets.xcassets; sourceTree = "<group>"; };
		E322BC152AABB06900729C50 /* Preview Assets.xcassets */ = {isa = PBXFileReference; lastKnownFileType = folder.assetcatalog; path = "Preview Assets.xcassets"; sourceTree = "<group>"; };
		E322BC272AABB37100729C50 /* LoginView.swift */ = {isa = PBXFileReference; lastKnownFileType = sourcecode.swift; path = LoginView.swift; sourceTree = "<group>"; };
		E322BC292AABBB0800729C50 /* RegisterationView.swift */ = {isa = PBXFileReference; lastKnownFileType = sourcecode.swift; path = RegisterationView.swift; sourceTree = "<group>"; };
		E322BC2C2AABBD7600729C50 /* ThreadsTextFieldsModifires .swift */ = {isa = PBXFileReference; lastKnownFileType = sourcecode.swift; path = "ThreadsTextFieldsModifires .swift"; sourceTree = "<group>"; };
		E322BC2E2AABBF1C00729C50 /* ButtonsModifires.swift */ = {isa = PBXFileReference; lastKnownFileType = sourcecode.swift; path = ButtonsModifires.swift; sourceTree = "<group>"; };
		E322BC312AABC11900729C50 /* ThreadsTabView.swift */ = {isa = PBXFileReference; lastKnownFileType = sourcecode.swift; path = ThreadsTabView.swift; sourceTree = "<group>"; };
		E322BC352AABC57700729C50 /* FeedView.swift */ = {isa = PBXFileReference; lastKnownFileType = sourcecode.swift; path = FeedView.swift; sourceTree = "<group>"; };
		E322BC3C2AABC67F00729C50 /* ExploreView.swift */ = {isa = PBXFileReference; lastKnownFileType = sourcecode.swift; path = ExploreView.swift; sourceTree = "<group>"; };
		E322BC3F2AABC76E00729C50 /* CreateThreadView.swift */ = {isa = PBXFileReference; lastKnownFileType = sourcecode.swift; path = CreateThreadView.swift; sourceTree = "<group>"; };
		E322BC422AABC7A900729C50 /* ActivityView.swift */ = {isa = PBXFileReference; lastKnownFileType = sourcecode.swift; path = ActivityView.swift; sourceTree = "<group>"; };
		E322BC452AABC7E600729C50 /* ProfileView.swift */ = {isa = PBXFileReference; lastKnownFileType = sourcecode.swift; path = ProfileView.swift; sourceTree = "<group>"; };
		E390BB1F2AACDE74000F38D3 /* PostCell.swift */ = {isa = PBXFileReference; lastKnownFileType = sourcecode.swift; path = PostCell.swift; sourceTree = "<group>"; };
		E390BB222AACEA7A000F38D3 /* CircularProfileImageView.swift */ = {isa = PBXFileReference; lastKnownFileType = sourcecode.swift; path = CircularProfileImageView.swift; sourceTree = "<group>"; };
		E390BB242AACEB6A000F38D3 /* UserCell.swift */ = {isa = PBXFileReference; lastKnownFileType = sourcecode.swift; path = UserCell.swift; sourceTree = "<group>"; };
/* End PBXFileReference section */

/* Begin PBXFrameworksBuildPhase section */
		E322BC082AABB06700729C50 /* Frameworks */ = {
			isa = PBXFrameworksBuildPhase;
			buildActionMask = 2147483647;
			files = (
			);
			runOnlyForDeploymentPostprocessing = 0;
		};
/* End PBXFrameworksBuildPhase section */

/* Begin PBXGroup section */
		E322BC022AABB06700729C50 = {
			isa = PBXGroup;
			children = (
				E322BC0D2AABB06700729C50 /* ThreadsClone */,
				E322BC0C2AABB06700729C50 /* Products */,
			);
			sourceTree = "<group>";
		};
		E322BC0C2AABB06700729C50 /* Products */ = {
			isa = PBXGroup;
			children = (
				E322BC0B2AABB06700729C50 /* ThreadsClone.app */,
			);
			name = Products;
			sourceTree = "<group>";
		};
		E322BC0D2AABB06700729C50 /* ThreadsClone */ = {
			isa = PBXGroup;
			children = (
				E322BC232AABB1F200729C50 /* App */,
				E322BC222AABB1F000729C50 /* Core */,
				E322BC212AABB1ED00729C50 /* Extensions */,
				E322BC202AABB1EB00729C50 /* Models */,
				E322BC1E2AABB1DE00729C50 /* Services */,
				E322BC1C2AABB1BB00729C50 /* Utils */,
				E322BC122AABB06900729C50 /* Assets.xcassets */,
				E322BC142AABB06900729C50 /* Preview Content */,
			);
			path = ThreadsClone;
			sourceTree = "<group>";
		};
		E322BC142AABB06900729C50 /* Preview Content */ = {
			isa = PBXGroup;
			children = (
				E322BC152AABB06900729C50 /* Preview Assets.xcassets */,
			);
			path = "Preview Content";
			sourceTree = "<group>";
		};
		E322BC1C2AABB1BB00729C50 /* Utils */ = {
			isa = PBXGroup;
			children = (
				E322BC2B2AABBD4E00729C50 /* ViewModifires */,
			);
			path = Utils;
			sourceTree = "<group>";
		};
		E322BC1E2AABB1DE00729C50 /* Services */ = {
			isa = PBXGroup;
			children = (
			);
			path = Services;
			sourceTree = "<group>";
		};
		E322BC202AABB1EB00729C50 /* Models */ = {
			isa = PBXGroup;
			children = (
			);
			path = Models;
			sourceTree = "<group>";
		};
		E322BC212AABB1ED00729C50 /* Extensions */ = {
			isa = PBXGroup;
			children = (
			);
			path = Extensions;
			sourceTree = "<group>";
		};
		E322BC222AABB1F000729C50 /* Core */ = {
			isa = PBXGroup;
			children = (
				E390BB212AACEA4E000F38D3 /* Components */,
				E322BC392AABC61C00729C50 /* Activity */,
				E322BC242AABB28E00729C50 /* Authentication */,
				E322BC372AABC5FB00729C50 /* Explore */,
				E322BC332AABC54400729C50 /* Feed */,
				E322BC3A2AABC62B00729C50 /* Profile */,
				E322BC252AABB2D300729C50 /* Root */,
				E322BC382AABC60A00729C50 /* ThreadCreation */,
				E322BC302AABC0BE00729C50 /* TabBar */,
			);
			path = Core;
			sourceTree = "<group>";
		};
		E322BC232AABB1F200729C50 /* App */ = {
			isa = PBXGroup;
			children = (
				E322BC0E2AABB06700729C50 /* ThreadsCloneApp.swift */,
			);
			path = App;
			sourceTree = "<group>";
		};
		E322BC242AABB28E00729C50 /* Authentication */ = {
			isa = PBXGroup;
			children = (
				E322BC262AABB2F800729C50 /* Views */,
			);
			path = Authentication;
			sourceTree = "<group>";
		};
		E322BC252AABB2D300729C50 /* Root */ = {
			isa = PBXGroup;
			children = (
				E322BC102AABB06700729C50 /* ContentView.swift */,
			);
			path = Root;
			sourceTree = "<group>";
		};
		E322BC262AABB2F800729C50 /* Views */ = {
			isa = PBXGroup;
			children = (
				E322BC272AABB37100729C50 /* LoginView.swift */,
				E322BC292AABBB0800729C50 /* RegisterationView.swift */,
			);
			path = Views;
			sourceTree = "<group>";
		};
		E322BC2B2AABBD4E00729C50 /* ViewModifires */ = {
			isa = PBXGroup;
			children = (
				E322BC2C2AABBD7600729C50 /* ThreadsTextFieldsModifires .swift */,
				E322BC2E2AABBF1C00729C50 /* ButtonsModifires.swift */,
			);
			path = ViewModifires;
			sourceTree = "<group>";
		};
		E322BC302AABC0BE00729C50 /* TabBar */ = {
			isa = PBXGroup;
			children = (
				E322BC312AABC11900729C50 /* ThreadsTabView.swift */,
			);
			path = TabBar;
			sourceTree = "<group>";
		};
		E322BC332AABC54400729C50 /* Feed */ = {
			isa = PBXGroup;
			children = (
				E322BC342AABC55700729C50 /* views */,
			);
			path = Feed;
			sourceTree = "<group>";
		};
		E322BC342AABC55700729C50 /* views */ = {
			isa = PBXGroup;
			children = (
				E322BC352AABC57700729C50 /* FeedView.swift */,
				E390BB1F2AACDE74000F38D3 /* PostCell.swift */,
			);
			path = views;
			sourceTree = "<group>";
		};
		E322BC372AABC5FB00729C50 /* Explore */ = {
			isa = PBXGroup;
			children = (
				E322BC3B2AABC66D00729C50 /* View */,
			);
			path = Explore;
			sourceTree = "<group>";
		};
		E322BC382AABC60A00729C50 /* ThreadCreation */ = {
			isa = PBXGroup;
			children = (
				E322BC3E2AABC75000729C50 /* views */,
			);
			path = ThreadCreation;
			sourceTree = "<group>";
		};
		E322BC392AABC61C00729C50 /* Activity */ = {
			isa = PBXGroup;
			children = (
				E322BC412AABC78E00729C50 /* views */,
			);
			path = Activity;
			sourceTree = "<group>";
		};
		E322BC3A2AABC62B00729C50 /* Profile */ = {
			isa = PBXGroup;
			children = (
				E322BC442AABC7CB00729C50 /* views */,
			);
			path = Profile;
			sourceTree = "<group>";
		};
		E322BC3B2AABC66D00729C50 /* View */ = {
			isa = PBXGroup;
			children = (
				E322BC3C2AABC67F00729C50 /* ExploreView.swift */,
			);
			path = View;
			sourceTree = "<group>";
		};
		E322BC3E2AABC75000729C50 /* views */ = {
			isa = PBXGroup;
			children = (
				E322BC3F2AABC76E00729C50 /* CreateThreadView.swift */,
			);
			path = views;
			sourceTree = "<group>";
		};
		E322BC412AABC78E00729C50 /* views */ = {
			isa = PBXGroup;
			children = (
				E322BC422AABC7A900729C50 /* ActivityView.swift */,
			);
			path = views;
			sourceTree = "<group>";
		};
		E322BC442AABC7CB00729C50 /* views */ = {
			isa = PBXGroup;
			children = (
				E322BC452AABC7E600729C50 /* ProfileView.swift */,
			);
			path = views;
			sourceTree = "<group>";
		};
		E390BB212AACEA4E000F38D3 /* Components */ = {
			isa = PBXGroup;
			children = (
				E390BB222AACEA7A000F38D3 /* CircularProfileImageView.swift */,
				E390BB242AACEB6A000F38D3 /* UserCell.swift */,
			);
			path = Components;
			sourceTree = "<group>";
		};
/* End PBXGroup section */

/* Begin PBXNativeTarget section */
		E322BC0A2AABB06700729C50 /* ThreadsClone */ = {
			isa = PBXNativeTarget;
			buildConfigurationList = E322BC192AABB06900729C50 /* Build configuration list for PBXNativeTarget "ThreadsClone" */;
			buildPhases = (
				E322BC072AABB06700729C50 /* Sources */,
				E322BC082AABB06700729C50 /* Frameworks */,
				E322BC092AABB06700729C50 /* Resources */,
			);
			buildRules = (
			);
			dependencies = (
			);
			name = ThreadsClone;
			productName = ThreadsClone;
			productReference = E322BC0B2AABB06700729C50 /* ThreadsClone.app */;
			productType = "com.apple.product-type.application";
		};
/* End PBXNativeTarget section */

/* Begin PBXProject section */
		E322BC032AABB06700729C50 /* Project object */ = {
			isa = PBXProject;
			attributes = {
				BuildIndependentTargetsInParallel = 1;
				LastSwiftUpdateCheck = 1420;
				LastUpgradeCheck = 1420;
				TargetAttributes = {
					E322BC0A2AABB06700729C50 = {
						CreatedOnToolsVersion = 14.2;
					};
				};
			};
			buildConfigurationList = E322BC062AABB06700729C50 /* Build configuration list for PBXProject "ThreadsClone" */;
			compatibilityVersion = "Xcode 14.0";
			developmentRegion = en;
			hasScannedForEncodings = 0;
			knownRegions = (
				en,
				Base,
			);
			mainGroup = E322BC022AABB06700729C50;
			productRefGroup = E322BC0C2AABB06700729C50 /* Products */;
			projectDirPath = "";
			projectRoot = "";
			targets = (
				E322BC0A2AABB06700729C50 /* ThreadsClone */,
			);
		};
/* End PBXProject section */

/* Begin PBXResourcesBuildPhase section */
		E322BC092AABB06700729C50 /* Resources */ = {
			isa = PBXResourcesBuildPhase;
			buildActionMask = 2147483647;
			files = (
				E322BC162AABB06900729C50 /* Preview Assets.xcassets in Resources */,
				E322BC132AABB06900729C50 /* Assets.xcassets in Resources */,
			);
			runOnlyForDeploymentPostprocessing = 0;
		};
/* End PBXResourcesBuildPhase section */

/* Begin PBXSourcesBuildPhase section */
		E322BC072AABB06700729C50 /* Sources */ = {
			isa = PBXSourcesBuildPhase;
			buildActionMask = 2147483647;
			files = (
				E322BC432AABC7A900729C50 /* ActivityView.swift in Sources */,
				E322BC402AABC76E00729C50 /* CreateThreadView.swift in Sources */,
				E390BB202AACDE74000F38D3 /* PostCell.swift in Sources */,
				E322BC2F2AABBF1C00729C50 /* ButtonsModifires.swift in Sources */,
				E322BC3D2AABC67F00729C50 /* ExploreView.swift in Sources */,
				E322BC462AABC7E600729C50 /* ProfileView.swift in Sources */,
				E322BC322AABC11900729C50 /* ThreadsTabView.swift in Sources */,
				E322BC282AABB37100729C50 /* LoginView.swift in Sources */,
				E390BB252AACEB6A000F38D3 /* UserCell.swift in Sources */,
				E322BC2D2AABBD7600729C50 /* ThreadsTextFieldsModifires .swift in Sources */,
				E322BC362AABC57700729C50 /* FeedView.swift in Sources */,
				E322BC2A2AABBB0800729C50 /* RegisterationView.swift in Sources */,
				E322BC112AABB06700729C50 /* ContentView.swift in Sources */,
				E322BC0F2AABB06700729C50 /* ThreadsCloneApp.swift in Sources */,
				E390BB232AACEA7A000F38D3 /* CircularProfileImageView.swift in Sources */,
			);
			runOnlyForDeploymentPostprocessing = 0;
		};
/* End PBXSourcesBuildPhase section */

/* Begin XCBuildConfiguration section */
		E322BC172AABB06900729C50 /* Debug */ = {
			isa = XCBuildConfiguration;
			buildSettings = {
				ALWAYS_SEARCH_USER_PATHS = NO;
				CLANG_ANALYZER_NONNULL = YES;
				CLANG_ANALYZER_NUMBER_OBJECT_CONVERSION = YES_AGGRESSIVE;
				CLANG_CXX_LANGUAGE_STANDARD = "gnu++20";
				CLANG_ENABLE_MODULES = YES;
				CLANG_ENABLE_OBJC_ARC = YES;
				CLANG_ENABLE_OBJC_WEAK = YES;
				CLANG_WARN_BLOCK_CAPTURE_AUTORELEASING = YES;
				CLANG_WARN_BOOL_CONVERSION = YES;
				CLANG_WARN_COMMA = YES;
				CLANG_WARN_CONSTANT_CONVERSION = YES;
				CLANG_WARN_DEPRECATED_OBJC_IMPLEMENTATIONS = YES;
				CLANG_WARN_DIRECT_OBJC_ISA_USAGE = YES_ERROR;
				CLANG_WARN_DOCUMENTATION_COMMENTS = YES;
				CLANG_WARN_EMPTY_BODY = YES;
				CLANG_WARN_ENUM_CONVERSION = YES;
				CLANG_WARN_INFINITE_RECURSION = YES;
				CLANG_WARN_INT_CONVERSION = YES;
				CLANG_WARN_NON_LITERAL_NULL_CONVERSION = YES;
				CLANG_WARN_OBJC_IMPLICIT_RETAIN_SELF = YES;
				CLANG_WARN_OBJC_LITERAL_CONVERSION = YES;
				CLANG_WARN_OBJC_ROOT_CLASS = YES_ERROR;
				CLANG_WARN_QUOTED_INCLUDE_IN_FRAMEWORK_HEADER = YES;
				CLANG_WARN_RANGE_LOOP_ANALYSIS = YES;
				CLANG_WARN_STRICT_PROTOTYPES = YES;
				CLANG_WARN_SUSPICIOUS_MOVE = YES;
				CLANG_WARN_UNGUARDED_AVAILABILITY = YES_AGGRESSIVE;
				CLANG_WARN_UNREACHABLE_CODE = YES;
				CLANG_WARN__DUPLICATE_METHOD_MATCH = YES;
				COPY_PHASE_STRIP = NO;
				DEBUG_INFORMATION_FORMAT = dwarf;
				ENABLE_STRICT_OBJC_MSGSEND = YES;
				ENABLE_TESTABILITY = YES;
				GCC_C_LANGUAGE_STANDARD = gnu11;
				GCC_DYNAMIC_NO_PIC = NO;
				GCC_NO_COMMON_BLOCKS = YES;
				GCC_OPTIMIZATION_LEVEL = 0;
				GCC_PREPROCESSOR_DEFINITIONS = (
					"DEBUG=1",
					"$(inherited)",
				);
				GCC_WARN_64_TO_32_BIT_CONVERSION = YES;
				GCC_WARN_ABOUT_RETURN_TYPE = YES_ERROR;
				GCC_WARN_UNDECLARED_SELECTOR = YES;
				GCC_WARN_UNINITIALIZED_AUTOS = YES_AGGRESSIVE;
				GCC_WARN_UNUSED_FUNCTION = YES;
				GCC_WARN_UNUSED_VARIABLE = YES;
				IPHONEOS_DEPLOYMENT_TARGET = 16.2;
				MTL_ENABLE_DEBUG_INFO = INCLUDE_SOURCE;
				MTL_FAST_MATH = YES;
				ONLY_ACTIVE_ARCH = YES;
				SDKROOT = iphoneos;
				SWIFT_ACTIVE_COMPILATION_CONDITIONS = DEBUG;
				SWIFT_OPTIMIZATION_LEVEL = "-Onone";
			};
			name = Debug;
		};
		E322BC182AABB06900729C50 /* Release */ = {
			isa = XCBuildConfiguration;
			buildSettings = {
				ALWAYS_SEARCH_USER_PATHS = NO;
				CLANG_ANALYZER_NONNULL = YES;
				CLANG_ANALYZER_NUMBER_OBJECT_CONVERSION = YES_AGGRESSIVE;
				CLANG_CXX_LANGUAGE_STANDARD = "gnu++20";
				CLANG_ENABLE_MODULES = YES;
				CLANG_ENABLE_OBJC_ARC = YES;
				CLANG_ENABLE_OBJC_WEAK = YES;
				CLANG_WARN_BLOCK_CAPTURE_AUTORELEASING = YES;
				CLANG_WARN_BOOL_CONVERSION = YES;
				CLANG_WARN_COMMA = YES;
				CLANG_WARN_CONSTANT_CONVERSION = YES;
				CLANG_WARN_DEPRECATED_OBJC_IMPLEMENTATIONS = YES;
				CLANG_WARN_DIRECT_OBJC_ISA_USAGE = YES_ERROR;
				CLANG_WARN_DOCUMENTATION_COMMENTS = YES;
				CLANG_WARN_EMPTY_BODY = YES;
				CLANG_WARN_ENUM_CONVERSION = YES;
				CLANG_WARN_INFINITE_RECURSION = YES;
				CLANG_WARN_INT_CONVERSION = YES;
				CLANG_WARN_NON_LITERAL_NULL_CONVERSION = YES;
				CLANG_WARN_OBJC_IMPLICIT_RETAIN_SELF = YES;
				CLANG_WARN_OBJC_LITERAL_CONVERSION = YES;
				CLANG_WARN_OBJC_ROOT_CLASS = YES_ERROR;
				CLANG_WARN_QUOTED_INCLUDE_IN_FRAMEWORK_HEADER = YES;
				CLANG_WARN_RANGE_LOOP_ANALYSIS = YES;
				CLANG_WARN_STRICT_PROTOTYPES = YES;
				CLANG_WARN_SUSPICIOUS_MOVE = YES;
				CLANG_WARN_UNGUARDED_AVAILABILITY = YES_AGGRESSIVE;
				CLANG_WARN_UNREACHABLE_CODE = YES;
				CLANG_WARN__DUPLICATE_METHOD_MATCH = YES;
				COPY_PHASE_STRIP = NO;
				DEBUG_INFORMATION_FORMAT = "dwarf-with-dsym";
				ENABLE_NS_ASSERTIONS = NO;
				ENABLE_STRICT_OBJC_MSGSEND = YES;
				GCC_C_LANGUAGE_STANDARD = gnu11;
				GCC_NO_COMMON_BLOCKS = YES;
				GCC_WARN_64_TO_32_BIT_CONVERSION = YES;
				GCC_WARN_ABOUT_RETURN_TYPE = YES_ERROR;
				GCC_WARN_UNDECLARED_SELECTOR = YES;
				GCC_WARN_UNINITIALIZED_AUTOS = YES_AGGRESSIVE;
				GCC_WARN_UNUSED_FUNCTION = YES;
				GCC_WARN_UNUSED_VARIABLE = YES;
				IPHONEOS_DEPLOYMENT_TARGET = 16.2;
				MTL_ENABLE_DEBUG_INFO = NO;
				MTL_FAST_MATH = YES;
				SDKROOT = iphoneos;
				SWIFT_COMPILATION_MODE = wholemodule;
				SWIFT_OPTIMIZATION_LEVEL = "-O";
				VALIDATE_PRODUCT = YES;
			};
			name = Release;
		};
		E322BC1A2AABB06900729C50 /* Debug */ = {
			isa = XCBuildConfiguration;
			buildSettings = {
				ASSETCATALOG_COMPILER_APPICON_NAME = AppIcon;
				ASSETCATALOG_COMPILER_GLOBAL_ACCENT_COLOR_NAME = AccentColor;
				CODE_SIGN_STYLE = Automatic;
				CURRENT_PROJECT_VERSION = 1;
				DEVELOPMENT_ASSET_PATHS = "\"ThreadsClone/Preview Content\"";
				DEVELOPMENT_TEAM = 7W7N543YH7;
				ENABLE_PREVIEWS = YES;
				GENERATE_INFOPLIST_FILE = YES;
				INFOPLIST_KEY_UIApplicationSceneManifest_Generation = YES;
				INFOPLIST_KEY_UIApplicationSupportsIndirectInputEvents = YES;
				INFOPLIST_KEY_UILaunchScreen_Generation = YES;
				INFOPLIST_KEY_UISupportedInterfaceOrientations_iPad = "UIInterfaceOrientationPortrait UIInterfaceOrientationPortraitUpsideDown UIInterfaceOrientationLandscapeLeft UIInterfaceOrientationLandscapeRight";
				INFOPLIST_KEY_UISupportedInterfaceOrientations_iPhone = "UIInterfaceOrientationPortrait UIInterfaceOrientationLandscapeLeft UIInterfaceOrientationLandscapeRight";
				LD_RUNPATH_SEARCH_PATHS = (
					"$(inherited)",
					"@executable_path/Frameworks",
				);
				MARKETING_VERSION = 1.0;
				PRODUCT_BUNDLE_IDENTIFIER = "EOA-industry.ThreadsClone";
				PRODUCT_NAME = "$(TARGET_NAME)";
				SWIFT_EMIT_LOC_STRINGS = YES;
				SWIFT_VERSION = 5.0;
				TARGETED_DEVICE_FAMILY = "1,2";
			};
			name = Debug;
		};
		E322BC1B2AABB06900729C50 /* Release */ = {
			isa = XCBuildConfiguration;
			buildSettings = {
				ASSETCATALOG_COMPILER_APPICON_NAME = AppIcon;
				ASSETCATALOG_COMPILER_GLOBAL_ACCENT_COLOR_NAME = AccentColor;
				CODE_SIGN_STYLE = Automatic;
				CURRENT_PROJECT_VERSION = 1;
				DEVELOPMENT_ASSET_PATHS = "\"ThreadsClone/Preview Content\"";
				DEVELOPMENT_TEAM = 7W7N543YH7;
				ENABLE_PREVIEWS = YES;
				GENERATE_INFOPLIST_FILE = YES;
				INFOPLIST_KEY_UIApplicationSceneManifest_Generation = YES;
				INFOPLIST_KEY_UIApplicationSupportsIndirectInputEvents = YES;
				INFOPLIST_KEY_UILaunchScreen_Generation = YES;
				INFOPLIST_KEY_UISupportedInterfaceOrientations_iPad = "UIInterfaceOrientationPortrait UIInterfaceOrientationPortraitUpsideDown UIInterfaceOrientationLandscapeLeft UIInterfaceOrientationLandscapeRight";
				INFOPLIST_KEY_UISupportedInterfaceOrientations_iPhone = "UIInterfaceOrientationPortrait UIInterfaceOrientationLandscapeLeft UIInterfaceOrientationLandscapeRight";
				LD_RUNPATH_SEARCH_PATHS = (
					"$(inherited)",
					"@executable_path/Frameworks",
				);
				MARKETING_VERSION = 1.0;
				PRODUCT_BUNDLE_IDENTIFIER = "EOA-industry.ThreadsClone";
				PRODUCT_NAME = "$(TARGET_NAME)";
				SWIFT_EMIT_LOC_STRINGS = YES;
				SWIFT_VERSION = 5.0;
				TARGETED_DEVICE_FAMILY = "1,2";
			};
			name = Release;
		};
/* End XCBuildConfiguration section */

/* Begin XCConfigurationList section */
		E322BC062AABB06700729C50 /* Build configuration list for PBXProject "ThreadsClone" */ = {
			isa = XCConfigurationList;
			buildConfigurations = (
				E322BC172AABB06900729C50 /* Debug */,
				E322BC182AABB06900729C50 /* Release */,
			);
			defaultConfigurationIsVisible = 0;
			defaultConfigurationName = Release;
		};
		E322BC192AABB06900729C50 /* Build configuration list for PBXNativeTarget "ThreadsClone" */ = {
			isa = XCConfigurationList;
			buildConfigurations = (
				E322BC1A2AABB06900729C50 /* Debug */,
				E322BC1B2AABB06900729C50 /* Release */,
			);
			defaultConfigurationIsVisible = 0;
			defaultConfigurationName = Release;
		};
/* End XCConfigurationList section */
	};
	rootObject = E322BC032AABB06700729C50 /* Project object */;
}
